
Microsoft Visual Studio Solution File, Format Version 12.00
# Visual Studio 15
VisualStudioVersion = 15.0.27703.2000
MinimumVisualStudioVersion = 10.0.40219.1
Project("{FAE04EC0-301F-11D3-BF4B-00C04F79EFBC}") = "CodeFirstDemo", "CodeFirstDemo\CodeFirstDemo.csproj", "{FD4DC9F8-4313-4F3B-B061-213F724DC0BA}"
EndProject
Project("{FAE04EC0-301F-11D3-BF4B-00C04F79EFBC}") = "ConsoleApp1", "ConsoleApp1\ConsoleApp1.csproj", "{74FF8614-BCE0-4EF5-9F67-3D2778B45D68}"
EndProject
Global
	GlobalSection(SolutionConfigurationPlatforms) = preSolution
		Debug|Any CPU = Debug|Any CPU
		Release|Any CPU = Release|Any CPU
	EndGlobalSection
	GlobalSection(ProjectConfigurationPlatforms) = postSolution
		{FD4DC9F8-4313-4F3B-B061-213F724DC0BA}.Debug|Any CPU.ActiveCfg = Debug|Any CPU
		{FD4DC9F8-4313-4F3B-B061-213F724DC0BA}.Debug|Any CPU.Build.0 = Debug|Any CPU
		{FD4DC9F8-4313-4F3B-B061-213F724DC0BA}.Release|Any CPU.ActiveCfg = Release|Any CPU
		{FD4DC9F8-4313-4F3B-B061-213F724DC0BA}.Release|Any CPU.Build.0 = Release|Any CPU
		{74FF8614-BCE0-4EF5-9F67-3D2778B45D68}.Debug|Any CPU.ActiveCfg = Debug|Any CPU
		{74FF8614-BCE0-4EF5-9F67-3D2778B45D68}.Debug|Any CPU.Build.0 = Debug|Any CPU
		{74FF8614-BCE0-4EF5-9F67-3D2778B45D68}.Release|Any CPU.ActiveCfg = Release|Any CPU
		{74FF8614-BCE0-4EF5-9F67-3D2778B45D68}.Release|Any CPU.Build.0 = Release|Any CPU
	EndGlobalSection
	GlobalSection(SolutionProperties) = preSolution
		HideSolutionNode = FALSE
	EndGlobalSection
	GlobalSection(ExtensibilityGlobals) = postSolution
		SolutionGuid = {6253714D-699E-470B-A020-C4BAFA079E34}
	EndGlobalSection
EndGlobal
